
Microsoft Visual Studio Solution File, Format Version 12.00
# Visual Studio 2013
VisualStudioVersion = 12.0.31101.0
MinimumVisualStudioVersion = 10.0.40219.1
Project("{FAE04EC0-301F-11D3-BF4B-00C04F79EFBC}") = "OgrenciPortal.Provider", "OgrenciPortal.Provider\OgrenciPortal.Provider.csproj", "{50B4FBF8-BD86-47AF-BADE-5DF529A9FE6B}"
EndProject
Project("{FAE04EC0-301F-11D3-BF4B-00C04F79EFBC}") = "OgrenciPortal.UI", "OgrenciPortal.UI\OgrenciPortal.UI.csproj", "{A7F3B6AC-7A81-481C-81DE-BC81E0F2A6E8}"
EndProject
Project("{FAE04EC0-301F-11D3-BF4B-00C04F79EFBC}") = "OgrenciPortal.UI.Tests", "OgrenciPortal.UI.Tests\OgrenciPortal.UI.Tests.csproj", "{6AF0BC00-2102-4BF5-BED4-03E1D0BE13E7}"
EndProject
Project("{FAE04EC0-301F-11D3-BF4B-00C04F79EFBC}") = "AykutBoynuince.Framework", "AykutBoynuince.Framework\AykutBoynuince.Framework.csproj", "{C766CE81-098C-4441-B0FE-78F4BCDB7F3F}"
EndProject
Project("{FAE04EC0-301F-11D3-BF4B-00C04F79EFBC}") = "OgrenciPortal.Business", "OgrenciPortal.Business\OgrenciPortal.Business.csproj", "{8BBFF981-5619-4AD3-B2F8-2AE7E4B336FA}"
EndProject
Project("{FAE04EC0-301F-11D3-BF4B-00C04F79EFBC}") = "OgrenciPortal.DataTransferObject", "OgrenciPortal.DataTransferObject\OgrenciPortal.DataTransferObject.csproj", "{187B4B63-4119-439D-BF6C-0F1800F0CD6E}"
EndProject
Global
	GlobalSection(SolutionConfigurationPlatforms) = preSolution
		Debug|Any CPU = Debug|Any CPU
		Release|Any CPU = Release|Any CPU
	EndGlobalSection
	GlobalSection(ProjectConfigurationPlatforms) = postSolution
		{50B4FBF8-BD86-47AF-BADE-5DF529A9FE6B}.Debug|Any CPU.ActiveCfg = Debug|Any CPU
		{50B4FBF8-BD86-47AF-BADE-5DF529A9FE6B}.Debug|Any CPU.Build.0 = Debug|Any CPU
		{50B4FBF8-BD86-47AF-BADE-5DF529A9FE6B}.Release|Any CPU.ActiveCfg = Release|Any CPU
		{50B4FBF8-BD86-47AF-BADE-5DF529A9FE6B}.Release|Any CPU.Build.0 = Release|Any CPU
		{A7F3B6AC-7A81-481C-81DE-BC81E0F2A6E8}.Debug|Any CPU.ActiveCfg = Debug|Any CPU
		{A7F3B6AC-7A81-481C-81DE-BC81E0F2A6E8}.Debug|Any CPU.Build.0 = Debug|Any CPU
		{A7F3B6AC-7A81-481C-81DE-BC81E0F2A6E8}.Release|Any CPU.ActiveCfg = Release|Any CPU
		{A7F3B6AC-7A81-481C-81DE-BC81E0F2A6E8}.Release|Any CPU.Build.0 = Release|Any CPU
		{6AF0BC00-2102-4BF5-BED4-03E1D0BE13E7}.Debug|Any CPU.ActiveCfg = Debug|Any CPU
		{6AF0BC00-2102-4BF5-BED4-03E1D0BE13E7}.Debug|Any CPU.Build.0 = Debug|Any CPU
		{6AF0BC00-2102-4BF5-BED4-03E1D0BE13E7}.Release|Any CPU.ActiveCfg = Release|Any CPU
		{6AF0BC00-2102-4BF5-BED4-03E1D0BE13E7}.Release|Any CPU.Build.0 = Release|Any CPU
		{C766CE81-098C-4441-B0FE-78F4BCDB7F3F}.Debug|Any CPU.ActiveCfg = Debug|Any CPU
		{C766CE81-098C-4441-B0FE-78F4BCDB7F3F}.Debug|Any CPU.Build.0 = Debug|Any CPU
		{C766CE81-098C-4441-B0FE-78F4BCDB7F3F}.Release|Any CPU.ActiveCfg = Release|Any CPU
		{C766CE81-098C-4441-B0FE-78F4BCDB7F3F}.Release|Any CPU.Build.0 = Release|Any CPU
		{8BBFF981-5619-4AD3-B2F8-2AE7E4B336FA}.Debug|Any CPU.ActiveCfg = Debug|Any CPU
		{8BBFF981-5619-4AD3-B2F8-2AE7E4B336FA}.Debug|Any CPU.Build.0 = Debug|Any CPU
		{8BBFF981-5619-4AD3-B2F8-2AE7E4B336FA}.Release|Any CPU.ActiveCfg = Release|Any CPU
		{8BBFF981-5619-4AD3-B2F8-2AE7E4B336FA}.Release|Any CPU.Build.0 = Release|Any CPU
		{187B4B63-4119-439D-BF6C-0F1800F0CD6E}.Debug|Any CPU.ActiveCfg = Debug|Any CPU
		{187B4B63-4119-439D-BF6C-0F1800F0CD6E}.Debug|Any CPU.Build.0 = Debug|Any CPU
		{187B4B63-4119-439D-BF6C-0F1800F0CD6E}.Release|Any CPU.ActiveCfg = Release|Any CPU
		{187B4B63-4119-439D-BF6C-0F1800F0CD6E}.Release|Any CPU.Build.0 = Release|Any CPU
	EndGlobalSection
	GlobalSection(SolutionProperties) = preSolution
		HideSolutionNode = FALSE
	EndGlobalSection
EndGlobal
